
Microsoft Visual Studio Solution File, Format Version 12.00
# Visual Studio Version 17
VisualStudioVersion = 17.0.31612.314
MinimumVisualStudioVersion = 10.0.40219.1
Project("{FAE04EC0-301F-11D3-BF4B-00C04F79EFBC}") = "BibiliotecaCliente.Interfaz", "BibiliotecaCliente.Interfaz\BibiliotecaCliente.Interfaz.csproj", "{46DBE30C-C924-4C96-9AAD-2C0748449619}"
EndProject
Project("{FAE04EC0-301F-11D3-BF4B-00C04F79EFBC}") = "BibiliotecaServidor.Entidades", "..\BibiliotecaServidor\BibiliotecaServidor.Entidades\BibiliotecaServidor.Entidades.csproj", "{A69CED46-00D8-4BF2-B975-993FB1C289ED}"
EndProject
Global
	GlobalSection(SolutionConfigurationPlatforms) = preSolution
		Debug|Any CPU = Debug|Any CPU
		Release|Any CPU = Release|Any CPU
	EndGlobalSection
	GlobalSection(ProjectConfigurationPlatforms) = postSolution
		{46DBE30C-C924-4C96-9AAD-2C0748449619}.Debug|Any CPU.ActiveCfg = Debug|Any CPU
		{46DBE30C-C924-4C96-9AAD-2C0748449619}.Debug|Any CPU.Build.0 = Debug|Any CPU
		{46DBE30C-C924-4C96-9AAD-2C0748449619}.Release|Any CPU.ActiveCfg = Release|Any CPU
		{46DBE30C-C924-4C96-9AAD-2C0748449619}.Release|Any CPU.Build.0 = Release|Any CPU
		{A69CED46-00D8-4BF2-B975-993FB1C289ED}.Debug|Any CPU.ActiveCfg = Debug|Any CPU
		{A69CED46-00D8-4BF2-B975-993FB1C289ED}.Debug|Any CPU.Build.0 = Debug|Any CPU
		{A69CED46-00D8-4BF2-B975-993FB1C289ED}.Release|Any CPU.ActiveCfg = Release|Any CPU
		{A69CED46-00D8-4BF2-B975-993FB1C289ED}.Release|Any CPU.Build.0 = Release|Any CPU
	EndGlobalSection
	GlobalSection(SolutionProperties) = preSolution
		HideSolutionNode = FALSE
	EndGlobalSection
	GlobalSection(ExtensibilityGlobals) = postSolution
		SolutionGuid = {34715024-C433-410B-99BA-E723A04DDF97}
	EndGlobalSection
EndGlobal
